// !$*UTF8*$!
{
	archiveVersion = 1;
	classes = {
	};
	objectVersion = 56;
	objects = {

/* Begin PBXBuildFile section */
		6FDB670229F45B0900EBE8B7 /* AppDelegate.swift in Sources */ = {isa = PBXBuildFile; fileRef = 6FDB670129F45B0900EBE8B7 /* AppDelegate.swift */; };
		6FDB670429F45B0900EBE8B7 /* SceneDelegate.swift in Sources */ = {isa = PBXBuildFile; fileRef = 6FDB670329F45B0900EBE8B7 /* SceneDelegate.swift */; };
		6FDB670629F45B0900EBE8B7 /* ViewController.swift in Sources */ = {isa = PBXBuildFile; fileRef = 6FDB670529F45B0900EBE8B7 /* ViewController.swift */; };
		6FDB670929F45B0900EBE8B7 /* Main.storyboard in Resources */ = {isa = PBXBuildFile; fileRef = 6FDB670729F45B0900EBE8B7 /* Main.storyboard */; };
		6FDB670C29F45B0900EBE8B7 /* hallyu.xcdatamodeld in Sources */ = {isa = PBXBuildFile; fileRef = 6FDB670A29F45B0900EBE8B7 /* hallyu.xcdatamodeld */; };
		6FDB670E29F45B0A00EBE8B7 /* Assets.xcassets in Resources */ = {isa = PBXBuildFile; fileRef = 6FDB670D29F45B0A00EBE8B7 /* Assets.xcassets */; };
		6FDB671129F45B0A00EBE8B7 /* LaunchScreen.storyboard in Resources */ = {isa = PBXBuildFile; fileRef = 6FDB670F29F45B0A00EBE8B7 /* LaunchScreen.storyboard */; };
		6FDB671C29F45B0A00EBE8B7 /* hallyuTests.swift in Sources */ = {isa = PBXBuildFile; fileRef = 6FDB671B29F45B0A00EBE8B7 /* hallyuTests.swift */; };
		6FDB672629F45B0A00EBE8B7 /* hallyuUITests.swift in Sources */ = {isa = PBXBuildFile; fileRef = 6FDB672529F45B0A00EBE8B7 /* hallyuUITests.swift */; };
		6FDB672829F45B0A00EBE8B7 /* hallyuUITestsLaunchTests.swift in Sources */ = {isa = PBXBuildFile; fileRef = 6FDB672729F45B0A00EBE8B7 /* hallyuUITestsLaunchTests.swift */; };
		6FDB673629F45B6500EBE8B7 /* MovieSearchResponse.swift in Sources */ = {isa = PBXBuildFile; fileRef = 6FDB673529F45B6500EBE8B7 /* MovieSearchResponse.swift */; };
		6FDB673829F45B9C00EBE8B7 /* tmdb_api_template.plist in Resources */ = {isa = PBXBuildFile; fileRef = 6FDB673729F45B9C00EBE8B7 /* tmdb_api_template.plist */; };
		6FDB673929F45B9C00EBE8B7 /* tmdb_api_template.plist in Resources */ = {isa = PBXBuildFile; fileRef = 6FDB673729F45B9C00EBE8B7 /* tmdb_api_template.plist */; };
		6FDB673A29F45B9C00EBE8B7 /* tmdb_api_template.plist in Resources */ = {isa = PBXBuildFile; fileRef = 6FDB673729F45B9C00EBE8B7 /* tmdb_api_template.plist */; };
		6FDB673C29F45BAA00EBE8B7 /* tmdb_api.plist in Resources */ = {isa = PBXBuildFile; fileRef = 6FDB673B29F45BAA00EBE8B7 /* tmdb_api.plist */; };
		6FDB673D29F45BAA00EBE8B7 /* tmdb_api.plist in Resources */ = {isa = PBXBuildFile; fileRef = 6FDB673B29F45BAA00EBE8B7 /* tmdb_api.plist */; };
		6FDB673E29F45BAA00EBE8B7 /* tmdb_api.plist in Resources */ = {isa = PBXBuildFile; fileRef = 6FDB673B29F45BAA00EBE8B7 /* tmdb_api.plist */; };
/* End PBXBuildFile section */

/* Begin PBXContainerItemProxy section */
		6FDB671829F45B0A00EBE8B7 /* PBXContainerItemProxy */ = {
			isa = PBXContainerItemProxy;
			containerPortal = 6FDB66F629F45B0900EBE8B7 /* Project object */;
			proxyType = 1;
			remoteGlobalIDString = 6FDB66FD29F45B0900EBE8B7;
			remoteInfo = hallyu;
		};
		6FDB672229F45B0A00EBE8B7 /* PBXContainerItemProxy */ = {
			isa = PBXContainerItemProxy;
			containerPortal = 6FDB66F629F45B0900EBE8B7 /* Project object */;
			proxyType = 1;
			remoteGlobalIDString = 6FDB66FD29F45B0900EBE8B7;
			remoteInfo = hallyu;
		};
/* End PBXContainerItemProxy section */

/* Begin PBXFileReference section */
		6FDB66FE29F45B0900EBE8B7 /* hallyu.app */ = {isa = PBXFileReference; explicitFileType = wrapper.application; includeInIndex = 0; path = hallyu.app; sourceTree = BUILT_PRODUCTS_DIR; };
		6FDB670129F45B0900EBE8B7 /* AppDelegate.swift */ = {isa = PBXFileReference; lastKnownFileType = sourcecode.swift; path = AppDelegate.swift; sourceTree = "<group>"; };
		6FDB670329F45B0900EBE8B7 /* SceneDelegate.swift */ = {isa = PBXFileReference; lastKnownFileType = sourcecode.swift; path = SceneDelegate.swift; sourceTree = "<group>"; };
		6FDB670529F45B0900EBE8B7 /* ViewController.swift */ = {isa = PBXFileReference; lastKnownFileType = sourcecode.swift; path = ViewController.swift; sourceTree = "<group>"; };
		6FDB670829F45B0900EBE8B7 /* Base */ = {isa = PBXFileReference; lastKnownFileType = file.storyboard; name = Base; path = Base.lproj/Main.storyboard; sourceTree = "<group>"; };
		6FDB670B29F45B0900EBE8B7 /* hallyu.xcdatamodel */ = {isa = PBXFileReference; lastKnownFileType = wrapper.xcdatamodel; path = hallyu.xcdatamodel; sourceTree = "<group>"; };
		6FDB670D29F45B0A00EBE8B7 /* Assets.xcassets */ = {isa = PBXFileReference; lastKnownFileType = folder.assetcatalog; path = Assets.xcassets; sourceTree = "<group>"; };
		6FDB671029F45B0A00EBE8B7 /* Base */ = {isa = PBXFileReference; lastKnownFileType = file.storyboard; name = Base; path = Base.lproj/LaunchScreen.storyboard; sourceTree = "<group>"; };
		6FDB671229F45B0A00EBE8B7 /* Info.plist */ = {isa = PBXFileReference; lastKnownFileType = text.plist.xml; path = Info.plist; sourceTree = "<group>"; };
		6FDB671729F45B0A00EBE8B7 /* hallyuTests.xctest */ = {isa = PBXFileReference; explicitFileType = wrapper.cfbundle; includeInIndex = 0; path = hallyuTests.xctest; sourceTree = BUILT_PRODUCTS_DIR; };
		6FDB671B29F45B0A00EBE8B7 /* hallyuTests.swift */ = {isa = PBXFileReference; lastKnownFileType = sourcecode.swift; path = hallyuTests.swift; sourceTree = "<group>"; };
		6FDB672129F45B0A00EBE8B7 /* hallyuUITests.xctest */ = {isa = PBXFileReference; explicitFileType = wrapper.cfbundle; includeInIndex = 0; path = hallyuUITests.xctest; sourceTree = BUILT_PRODUCTS_DIR; };
		6FDB672529F45B0A00EBE8B7 /* hallyuUITests.swift */ = {isa = PBXFileReference; lastKnownFileType = sourcecode.swift; path = hallyuUITests.swift; sourceTree = "<group>"; };
		6FDB672729F45B0A00EBE8B7 /* hallyuUITestsLaunchTests.swift */ = {isa = PBXFileReference; lastKnownFileType = sourcecode.swift; path = hallyuUITestsLaunchTests.swift; sourceTree = "<group>"; };
		6FDB673529F45B6500EBE8B7 /* MovieSearchResponse.swift */ = {isa = PBXFileReference; lastKnownFileType = sourcecode.swift; path = MovieSearchResponse.swift; sourceTree = "<group>"; };
		6FDB673729F45B9C00EBE8B7 /* tmdb_api_template.plist */ = {isa = PBXFileReference; fileEncoding = 4; lastKnownFileType = text.plist.xml; path = tmdb_api_template.plist; sourceTree = "<group>"; };
		6FDB673B29F45BAA00EBE8B7 /* tmdb_api.plist */ = {isa = PBXFileReference; fileEncoding = 4; lastKnownFileType = text.plist.xml; name = tmdb_api.plist; path = "../../old-k-movie-diary/k-movie-diary/tmdb_api.plist"; sourceTree = "<group>"; };
/* End PBXFileReference section */

/* Begin PBXFrameworksBuildPhase section */
		6FDB66FB29F45B0900EBE8B7 /* Frameworks */ = {
			isa = PBXFrameworksBuildPhase;
			buildActionMask = 2147483647;
			files = (
			);
			runOnlyForDeploymentPostprocessing = 0;
		};
		6FDB671429F45B0A00EBE8B7 /* Frameworks */ = {
			isa = PBXFrameworksBuildPhase;
			buildActionMask = 2147483647;
			files = (
			);
			runOnlyForDeploymentPostprocessing = 0;
		};
		6FDB671E29F45B0A00EBE8B7 /* Frameworks */ = {
			isa = PBXFrameworksBuildPhase;
			buildActionMask = 2147483647;
			files = (
			);
			runOnlyForDeploymentPostprocessing = 0;
		};
/* End PBXFrameworksBuildPhase section */

/* Begin PBXGroup section */
		6FDB66F529F45B0900EBE8B7 = {
			isa = PBXGroup;
			children = (
				6FDB670029F45B0900EBE8B7 /* hallyu */,
				6FDB671A29F45B0A00EBE8B7 /* hallyuTests */,
				6FDB672429F45B0A00EBE8B7 /* hallyuUITests */,
				6FDB66FF29F45B0900EBE8B7 /* Products */,
			);
			sourceTree = "<group>";
		};
		6FDB66FF29F45B0900EBE8B7 /* Products */ = {
			isa = PBXGroup;
			children = (
				6FDB66FE29F45B0900EBE8B7 /* hallyu.app */,
				6FDB671729F45B0A00EBE8B7 /* hallyuTests.xctest */,
				6FDB672129F45B0A00EBE8B7 /* hallyuUITests.xctest */,
			);
			name = Products;
			sourceTree = "<group>";
		};
		6FDB670029F45B0900EBE8B7 /* hallyu */ = {
			isa = PBXGroup;
			children = (
				6FDB673429F45B4C00EBE8B7 /* tmdb schema */,
				6FDB670129F45B0900EBE8B7 /* AppDelegate.swift */,
				6FDB670329F45B0900EBE8B7 /* SceneDelegate.swift */,
				6FDB670529F45B0900EBE8B7 /* ViewController.swift */,
				6FDB670729F45B0900EBE8B7 /* Main.storyboard */,
				6FDB670D29F45B0A00EBE8B7 /* Assets.xcassets */,
				6FDB670F29F45B0A00EBE8B7 /* LaunchScreen.storyboard */,
				6FDB671229F45B0A00EBE8B7 /* Info.plist */,
				6FDB673729F45B9C00EBE8B7 /* tmdb_api_template.plist */,
				6FDB673B29F45BAA00EBE8B7 /* tmdb_api.plist */,
				6FDB670A29F45B0900EBE8B7 /* hallyu.xcdatamodeld */,
			);
			path = hallyu;
			sourceTree = "<group>";
		};
		6FDB671A29F45B0A00EBE8B7 /* hallyuTests */ = {
			isa = PBXGroup;
			children = (
				6FDB671B29F45B0A00EBE8B7 /* hallyuTests.swift */,
			);
			path = hallyuTests;
			sourceTree = "<group>";
		};
		6FDB672429F45B0A00EBE8B7 /* hallyuUITests */ = {
			isa = PBXGroup;
			children = (
				6FDB672529F45B0A00EBE8B7 /* hallyuUITests.swift */,
				6FDB672729F45B0A00EBE8B7 /* hallyuUITestsLaunchTests.swift */,
			);
			path = hallyuUITests;
			sourceTree = "<group>";
		};
		6FDB673429F45B4C00EBE8B7 /* tmdb schema */ = {
			isa = PBXGroup;
			children = (
				6FDB673529F45B6500EBE8B7 /* MovieSearchResponse.swift */,
			);
			path = "tmdb schema";
			sourceTree = "<group>";
		};
/* End PBXGroup section */

/* Begin PBXNativeTarget section */
		6FDB66FD29F45B0900EBE8B7 /* hallyu */ = {
			isa = PBXNativeTarget;
			buildConfigurationList = 6FDB672B29F45B0A00EBE8B7 /* Build configuration list for PBXNativeTarget "hallyu" */;
			buildPhases = (
				6FDB66FA29F45B0900EBE8B7 /* Sources */,
				6FDB66FB29F45B0900EBE8B7 /* Frameworks */,
				6FDB66FC29F45B0900EBE8B7 /* Resources */,
			);
			buildRules = (
			);
			dependencies = (
			);
			name = hallyu;
			productName = hallyu;
			productReference = 6FDB66FE29F45B0900EBE8B7 /* hallyu.app */;
			productType = "com.apple.product-type.application";
		};
		6FDB671629F45B0A00EBE8B7 /* hallyuTests */ = {
			isa = PBXNativeTarget;
			buildConfigurationList = 6FDB672E29F45B0A00EBE8B7 /* Build configuration list for PBXNativeTarget "hallyuTests" */;
			buildPhases = (
				6FDB671329F45B0A00EBE8B7 /* Sources */,
				6FDB671429F45B0A00EBE8B7 /* Frameworks */,
				6FDB671529F45B0A00EBE8B7 /* Resources */,
			);
			buildRules = (
			);
			dependencies = (
				6FDB671929F45B0A00EBE8B7 /* PBXTargetDependency */,
			);
			name = hallyuTests;
			productName = hallyuTests;
			productReference = 6FDB671729F45B0A00EBE8B7 /* hallyuTests.xctest */;
			productType = "com.apple.product-type.bundle.unit-test";
		};
		6FDB672029F45B0A00EBE8B7 /* hallyuUITests */ = {
			isa = PBXNativeTarget;
			buildConfigurationList = 6FDB673129F45B0A00EBE8B7 /* Build configuration list for PBXNativeTarget "hallyuUITests" */;
			buildPhases = (
				6FDB671D29F45B0A00EBE8B7 /* Sources */,
				6FDB671E29F45B0A00EBE8B7 /* Frameworks */,
				6FDB671F29F45B0A00EBE8B7 /* Resources */,
			);
			buildRules = (
			);
			dependencies = (
				6FDB672329F45B0A00EBE8B7 /* PBXTargetDependency */,
			);
			name = hallyuUITests;
			productName = hallyuUITests;
			productReference = 6FDB672129F45B0A00EBE8B7 /* hallyuUITests.xctest */;
			productType = "com.apple.product-type.bundle.ui-testing";
		};
/* End PBXNativeTarget section */

/* Begin PBXProject section */
		6FDB66F629F45B0900EBE8B7 /* Project object */ = {
			isa = PBXProject;
			attributes = {
				BuildIndependentTargetsInParallel = 1;
				LastSwiftUpdateCheck = 1430;
				LastUpgradeCheck = 1430;
				TargetAttributes = {
					6FDB66FD29F45B0900EBE8B7 = {
						CreatedOnToolsVersion = 14.3;
					};
					6FDB671629F45B0A00EBE8B7 = {
						CreatedOnToolsVersion = 14.3;
						TestTargetID = 6FDB66FD29F45B0900EBE8B7;
					};
					6FDB672029F45B0A00EBE8B7 = {
						CreatedOnToolsVersion = 14.3;
						TestTargetID = 6FDB66FD29F45B0900EBE8B7;
					};
				};
			};
			buildConfigurationList = 6FDB66F929F45B0900EBE8B7 /* Build configuration list for PBXProject "hallyu" */;
			compatibilityVersion = "Xcode 14.0";
			developmentRegion = en;
			hasScannedForEncodings = 0;
			knownRegions = (
				en,
				Base,
			);
			mainGroup = 6FDB66F529F45B0900EBE8B7;
			productRefGroup = 6FDB66FF29F45B0900EBE8B7 /* Products */;
			projectDirPath = "";
			projectRoot = "";
			targets = (
				6FDB66FD29F45B0900EBE8B7 /* hallyu */,
				6FDB671629F45B0A00EBE8B7 /* hallyuTests */,
				6FDB672029F45B0A00EBE8B7 /* hallyuUITests */,
			);
		};
/* End PBXProject section */

/* Begin PBXResourcesBuildPhase section */
		6FDB66FC29F45B0900EBE8B7 /* Resources */ = {
			isa = PBXResourcesBuildPhase;
			buildActionMask = 2147483647;
			files = (
				6FDB673829F45B9C00EBE8B7 /* tmdb_api_template.plist in Resources */,
				6FDB671129F45B0A00EBE8B7 /* LaunchScreen.storyboard in Resources */,
				6FDB673C29F45BAA00EBE8B7 /* tmdb_api.plist in Resources */,
				6FDB670E29F45B0A00EBE8B7 /* Assets.xcassets in Resources */,
				6FDB670929F45B0900EBE8B7 /* Main.storyboard in Resources */,
			);
			runOnlyForDeploymentPostprocessing = 0;
		};
		6FDB671529F45B0A00EBE8B7 /* Resources */ = {
			isa = PBXResourcesBuildPhase;
			buildActionMask = 2147483647;
			files = (
				6FDB673D29F45BAA00EBE8B7 /* tmdb_api.plist in Resources */,
				6FDB673929F45B9C00EBE8B7 /* tmdb_api_template.plist in Resources */,
			);
			runOnlyForDeploymentPostprocessing = 0;
		};
		6FDB671F29F45B0A00EBE8B7 /* Resources */ = {
			isa = PBXResourcesBuildPhase;
			buildActionMask = 2147483647;
			files = (
				6FDB673E29F45BAA00EBE8B7 /* tmdb_api.plist in Resources */,
				6FDB673A29F45B9C00EBE8B7 /* tmdb_api_template.plist in Resources */,
			);
			runOnlyForDeploymentPostprocessing = 0;
		};
/* End PBXResourcesBuildPhase section */

/* Begin PBXSourcesBuildPhase section */
		6FDB66FA29F45B0900EBE8B7 /* Sources */ = {
			isa = PBXSourcesBuildPhase;
			buildActionMask = 2147483647;
			files = (
				6FDB670629F45B0900EBE8B7 /* ViewController.swift in Sources */,
				6FDB670229F45B0900EBE8B7 /* AppDelegate.swift in Sources */,
				6FDB673629F45B6500EBE8B7 /* MovieSearchResponse.swift in Sources */,
				6FDB670C29F45B0900EBE8B7 /* hallyu.xcdatamodeld in Sources */,
				6FDB670429F45B0900EBE8B7 /* SceneDelegate.swift in Sources */,
			);
			runOnlyForDeploymentPostprocessing = 0;
		};
		6FDB671329F45B0A00EBE8B7 /* Sources */ = {
			isa = PBXSourcesBuildPhase;
			buildActionMask = 2147483647;
			files = (
				6FDB671C29F45B0A00EBE8B7 /* hallyuTests.swift in Sources */,
			);
			runOnlyForDeploymentPostprocessing = 0;
		};
		6FDB671D29F45B0A00EBE8B7 /* Sources */ = {
			isa = PBXSourcesBuildPhase;
			buildActionMask = 2147483647;
			files = (
				6FDB672629F45B0A00EBE8B7 /* hallyuUITests.swift in Sources */,
				6FDB672829F45B0A00EBE8B7 /* hallyuUITestsLaunchTests.swift in Sources */,
			);
			runOnlyForDeploymentPostprocessing = 0;
		};
/* End PBXSourcesBuildPhase section */

/* Begin PBXTargetDependency section */
		6FDB671929F45B0A00EBE8B7 /* PBXTargetDependency */ = {
			isa = PBXTargetDependency;
			target = 6FDB66FD29F45B0900EBE8B7 /* hallyu */;
			targetProxy = 6FDB671829F45B0A00EBE8B7 /* PBXContainerItemProxy */;
		};
		6FDB672329F45B0A00EBE8B7 /* PBXTargetDependency */ = {
			isa = PBXTargetDependency;
			target = 6FDB66FD29F45B0900EBE8B7 /* hallyu */;
			targetProxy = 6FDB672229F45B0A00EBE8B7 /* PBXContainerItemProxy */;
		};
/* End PBXTargetDependency section */

/* Begin PBXVariantGroup section */
		6FDB670729F45B0900EBE8B7 /* Main.storyboard */ = {
			isa = PBXVariantGroup;
			children = (
				6FDB670829F45B0900EBE8B7 /* Base */,
			);
			name = Main.storyboard;
			sourceTree = "<group>";
		};
		6FDB670F29F45B0A00EBE8B7 /* LaunchScreen.storyboard */ = {
			isa = PBXVariantGroup;
			children = (
				6FDB671029F45B0A00EBE8B7 /* Base */,
			);
			name = LaunchScreen.storyboard;
			sourceTree = "<group>";
		};
/* End PBXVariantGroup section */

/* Begin XCBuildConfiguration section */
		6FDB672929F45B0A00EBE8B7 /* Debug */ = {
			isa = XCBuildConfiguration;
			buildSettings = {
				ALWAYS_SEARCH_USER_PATHS = NO;
				CLANG_ANALYZER_NONNULL = YES;
				CLANG_ANALYZER_NUMBER_OBJECT_CONVERSION = YES_AGGRESSIVE;
				CLANG_CXX_LANGUAGE_STANDARD = "gnu++20";
				CLANG_ENABLE_MODULES = YES;
				CLANG_ENABLE_OBJC_ARC = YES;
				CLANG_ENABLE_OBJC_WEAK = YES;
				CLANG_WARN_BLOCK_CAPTURE_AUTORELEASING = YES;
				CLANG_WARN_BOOL_CONVERSION = YES;
				CLANG_WARN_COMMA = YES;
				CLANG_WARN_CONSTANT_CONVERSION = YES;
				CLANG_WARN_DEPRECATED_OBJC_IMPLEMENTATIONS = YES;
				CLANG_WARN_DIRECT_OBJC_ISA_USAGE = YES_ERROR;
				CLANG_WARN_DOCUMENTATION_COMMENTS = YES;
				CLANG_WARN_EMPTY_BODY = YES;
				CLANG_WARN_ENUM_CONVERSION = YES;
				CLANG_WARN_INFINITE_RECURSION = YES;
				CLANG_WARN_INT_CONVERSION = YES;
				CLANG_WARN_NON_LITERAL_NULL_CONVERSION = YES;
				CLANG_WARN_OBJC_IMPLICIT_RETAIN_SELF = YES;
				CLANG_WARN_OBJC_LITERAL_CONVERSION = YES;
				CLANG_WARN_OBJC_ROOT_CLASS = YES_ERROR;
				CLANG_WARN_QUOTED_INCLUDE_IN_FRAMEWORK_HEADER = YES;
				CLANG_WARN_RANGE_LOOP_ANALYSIS = YES;
				CLANG_WARN_STRICT_PROTOTYPES = YES;
				CLANG_WARN_SUSPICIOUS_MOVE = YES;
				CLANG_WARN_UNGUARDED_AVAILABILITY = YES_AGGRESSIVE;
				CLANG_WARN_UNREACHABLE_CODE = YES;
				CLANG_WARN__DUPLICATE_METHOD_MATCH = YES;
				COPY_PHASE_STRIP = NO;
				DEBUG_INFORMATION_FORMAT = dwarf;
				ENABLE_STRICT_OBJC_MSGSEND = YES;
				ENABLE_TESTABILITY = YES;
				GCC_C_LANGUAGE_STANDARD = gnu11;
				GCC_DYNAMIC_NO_PIC = NO;
				GCC_NO_COMMON_BLOCKS = YES;
				GCC_OPTIMIZATION_LEVEL = 0;
				GCC_PREPROCESSOR_DEFINITIONS = (
					"DEBUG=1",
					"$(inherited)",
				);
				GCC_WARN_64_TO_32_BIT_CONVERSION = YES;
				GCC_WARN_ABOUT_RETURN_TYPE = YES_ERROR;
				GCC_WARN_UNDECLARED_SELECTOR = YES;
				GCC_WARN_UNINITIALIZED_AUTOS = YES_AGGRESSIVE;
				GCC_WARN_UNUSED_FUNCTION = YES;
				GCC_WARN_UNUSED_VARIABLE = YES;
				IPHONEOS_DEPLOYMENT_TARGET = 16.4;
				MTL_ENABLE_DEBUG_INFO = INCLUDE_SOURCE;
				MTL_FAST_MATH = YES;
				ONLY_ACTIVE_ARCH = YES;
				SDKROOT = iphoneos;
				SWIFT_ACTIVE_COMPILATION_CONDITIONS = DEBUG;
				SWIFT_OPTIMIZATION_LEVEL = "-Onone";
			};
			name = Debug;
		};
		6FDB672A29F45B0A00EBE8B7 /* Release */ = {
			isa = XCBuildConfiguration;
			buildSettings = {
				ALWAYS_SEARCH_USER_PATHS = NO;
				CLANG_ANALYZER_NONNULL = YES;
				CLANG_ANALYZER_NUMBER_OBJECT_CONVERSION = YES_AGGRESSIVE;
				CLANG_CXX_LANGUAGE_STANDARD = "gnu++20";
				CLANG_ENABLE_MODULES = YES;
				CLANG_ENABLE_OBJC_ARC = YES;
				CLANG_ENABLE_OBJC_WEAK = YES;
				CLANG_WARN_BLOCK_CAPTURE_AUTORELEASING = YES;
				CLANG_WARN_BOOL_CONVERSION = YES;
				CLANG_WARN_COMMA = YES;
				CLANG_WARN_CONSTANT_CONVERSION = YES;
				CLANG_WARN_DEPRECATED_OBJC_IMPLEMENTATIONS = YES;
				CLANG_WARN_DIRECT_OBJC_ISA_USAGE = YES_ERROR;
				CLANG_WARN_DOCUMENTATION_COMMENTS = YES;
				CLANG_WARN_EMPTY_BODY = YES;
				CLANG_WARN_ENUM_CONVERSION = YES;
				CLANG_WARN_INFINITE_RECURSION = YES;
				CLANG_WARN_INT_CONVERSION = YES;
				CLANG_WARN_NON_LITERAL_NULL_CONVERSION = YES;
				CLANG_WARN_OBJC_IMPLICIT_RETAIN_SELF = YES;
				CLANG_WARN_OBJC_LITERAL_CONVERSION = YES;
				CLANG_WARN_OBJC_ROOT_CLASS = YES_ERROR;
				CLANG_WARN_QUOTED_INCLUDE_IN_FRAMEWORK_HEADER = YES;
				CLANG_WARN_RANGE_LOOP_ANALYSIS = YES;
				CLANG_WARN_STRICT_PROTOTYPES = YES;
				CLANG_WARN_SUSPICIOUS_MOVE = YES;
				CLANG_WARN_UNGUARDED_AVAILABILITY = YES_AGGRESSIVE;
				CLANG_WARN_UNREACHABLE_CODE = YES;
				CLANG_WARN__DUPLICATE_METHOD_MATCH = YES;
				COPY_PHASE_STRIP = NO;
				DEBUG_INFORMATION_FORMAT = "dwarf-with-dsym";
				ENABLE_NS_ASSERTIONS = NO;
				ENABLE_STRICT_OBJC_MSGSEND = YES;
				GCC_C_LANGUAGE_STANDARD = gnu11;
				GCC_NO_COMMON_BLOCKS = YES;
				GCC_WARN_64_TO_32_BIT_CONVERSION = YES;
				GCC_WARN_ABOUT_RETURN_TYPE = YES_ERROR;
				GCC_WARN_UNDECLARED_SELECTOR = YES;
				GCC_WARN_UNINITIALIZED_AUTOS = YES_AGGRESSIVE;
				GCC_WARN_UNUSED_FUNCTION = YES;
				GCC_WARN_UNUSED_VARIABLE = YES;
				IPHONEOS_DEPLOYMENT_TARGET = 16.4;
				MTL_ENABLE_DEBUG_INFO = NO;
				MTL_FAST_MATH = YES;
				SDKROOT = iphoneos;
				SWIFT_COMPILATION_MODE = wholemodule;
				SWIFT_OPTIMIZATION_LEVEL = "-O";
				VALIDATE_PRODUCT = YES;
			};
			name = Release;
		};
		6FDB672C29F45B0A00EBE8B7 /* Debug */ = {
			isa = XCBuildConfiguration;
			buildSettings = {
				ASSETCATALOG_COMPILER_APPICON_NAME = AppIcon;
				ASSETCATALOG_COMPILER_GLOBAL_ACCENT_COLOR_NAME = AccentColor;
				CODE_SIGN_STYLE = Automatic;
				CURRENT_PROJECT_VERSION = 1;
				DEVELOPMENT_TEAM = L8695SQ572;
				GENERATE_INFOPLIST_FILE = YES;
				INFOPLIST_FILE = hallyu/Info.plist;
				INFOPLIST_KEY_UIApplicationSupportsIndirectInputEvents = YES;
				INFOPLIST_KEY_UILaunchStoryboardName = LaunchScreen;
				INFOPLIST_KEY_UIMainStoryboardFile = Main;
				INFOPLIST_KEY_UISupportedInterfaceOrientations_iPad = "UIInterfaceOrientationPortrait UIInterfaceOrientationPortraitUpsideDown UIInterfaceOrientationLandscapeLeft UIInterfaceOrientationLandscapeRight";
				INFOPLIST_KEY_UISupportedInterfaceOrientations_iPhone = "UIInterfaceOrientationPortrait UIInterfaceOrientationLandscapeLeft UIInterfaceOrientationLandscapeRight";
				LD_RUNPATH_SEARCH_PATHS = (
					"$(inherited)",
					"@executable_path/Frameworks",
				);
				MARKETING_VERSION = 1.0;
				PRODUCT_BUNDLE_IDENTIFIER = flood.matthew.hallyu;
				PRODUCT_NAME = "$(TARGET_NAME)";
				SWIFT_EMIT_LOC_STRINGS = YES;
				SWIFT_VERSION = 5.0;
				TARGETED_DEVICE_FAMILY = "1,2";
			};
			name = Debug;
		};
		6FDB672D29F45B0A00EBE8B7 /* Release */ = {
			isa = XCBuildConfiguration;
			buildSettings = {
				ASSETCATALOG_COMPILER_APPICON_NAME = AppIcon;
				ASSETCATALOG_COMPILER_GLOBAL_ACCENT_COLOR_NAME = AccentColor;
				CODE_SIGN_STYLE = Automatic;
				CURRENT_PROJECT_VERSION = 1;
				DEVELOPMENT_TEAM = L8695SQ572;
				GENERATE_INFOPLIST_FILE = YES;
				INFOPLIST_FILE = hallyu/Info.plist;
				INFOPLIST_KEY_UIApplicationSupportsIndirectInputEvents = YES;
				INFOPLIST_KEY_UILaunchStoryboardName = LaunchScreen;
				INFOPLIST_KEY_UIMainStoryboardFile = Main;
				INFOPLIST_KEY_UISupportedInterfaceOrientations_iPad = "UIInterfaceOrientationPortrait UIInterfaceOrientationPortraitUpsideDown UIInterfaceOrientationLandscapeLeft UIInterfaceOrientationLandscapeRight";
				INFOPLIST_KEY_UISupportedInterfaceOrientations_iPhone = "UIInterfaceOrientationPortrait UIInterfaceOrientationLandscapeLeft UIInterfaceOrientationLandscapeRight";
				LD_RUNPATH_SEARCH_PATHS = (
					"$(inherited)",
					"@executable_path/Frameworks",
				);
				MARKETING_VERSION = 1.0;
				PRODUCT_BUNDLE_IDENTIFIER = flood.matthew.hallyu;
				PRODUCT_NAME = "$(TARGET_NAME)";
				SWIFT_EMIT_LOC_STRINGS = YES;
				SWIFT_VERSION = 5.0;
				TARGETED_DEVICE_FAMILY = "1,2";
			};
			name = Release;
		};
		6FDB672F29F45B0A00EBE8B7 /* Debug */ = {
			isa = XCBuildConfiguration;
			buildSettings = {
				ALWAYS_EMBED_SWIFT_STANDARD_LIBRARIES = YES;
				BUNDLE_LOADER = "$(TEST_HOST)";
				CODE_SIGN_STYLE = Automatic;
				CURRENT_PROJECT_VERSION = 1;
				DEVELOPMENT_TEAM = L8695SQ572;
				GENERATE_INFOPLIST_FILE = YES;
				IPHONEOS_DEPLOYMENT_TARGET = 16.4;
				MARKETING_VERSION = 1.0;
				PRODUCT_BUNDLE_IDENTIFIER = flood.matthew.hallyuTests;
				PRODUCT_NAME = "$(TARGET_NAME)";
				SWIFT_EMIT_LOC_STRINGS = NO;
				SWIFT_VERSION = 5.0;
				TARGETED_DEVICE_FAMILY = "1,2";
				TEST_HOST = "$(BUILT_PRODUCTS_DIR)/hallyu.app/$(BUNDLE_EXECUTABLE_FOLDER_PATH)/hallyu";
			};
			name = Debug;
		};
		6FDB673029F45B0A00EBE8B7 /* Release */ = {
			isa = XCBuildConfiguration;
			buildSettings = {
				ALWAYS_EMBED_SWIFT_STANDARD_LIBRARIES = YES;
				BUNDLE_LOADER = "$(TEST_HOST)";
				CODE_SIGN_STYLE = Automatic;
				CURRENT_PROJECT_VERSION = 1;
				DEVELOPMENT_TEAM = L8695SQ572;
				GENERATE_INFOPLIST_FILE = YES;
				IPHONEOS_DEPLOYMENT_TARGET = 16.4;
				MARKETING_VERSION = 1.0;
				PRODUCT_BUNDLE_IDENTIFIER = flood.matthew.hallyuTests;
				PRODUCT_NAME = "$(TARGET_NAME)";
				SWIFT_EMIT_LOC_STRINGS = NO;
				SWIFT_VERSION = 5.0;
				TARGETED_DEVICE_FAMILY = "1,2";
				TEST_HOST = "$(BUILT_PRODUCTS_DIR)/hallyu.app/$(BUNDLE_EXECUTABLE_FOLDER_PATH)/hallyu";
			};
			name = Release;
		};
		6FDB673229F45B0A00EBE8B7 /* Debug */ = {
			isa = XCBuildConfiguration;
			buildSettings = {
				ALWAYS_EMBED_SWIFT_STANDARD_LIBRARIES = YES;
				CODE_SIGN_STYLE = Automatic;
				CURRENT_PROJECT_VERSION = 1;
				DEVELOPMENT_TEAM = L8695SQ572;
				GENERATE_INFOPLIST_FILE = YES;
				MARKETING_VERSION = 1.0;
				PRODUCT_BUNDLE_IDENTIFIER = flood.matthew.hallyuUITests;
				PRODUCT_NAME = "$(TARGET_NAME)";
				SWIFT_EMIT_LOC_STRINGS = NO;
				SWIFT_VERSION = 5.0;
				TARGETED_DEVICE_FAMILY = "1,2";
				TEST_TARGET_NAME = hallyu;
			};
			name = Debug;
		};
		6FDB673329F45B0A00EBE8B7 /* Release */ = {
			isa = XCBuildConfiguration;
			buildSettings = {
				ALWAYS_EMBED_SWIFT_STANDARD_LIBRARIES = YES;
				CODE_SIGN_STYLE = Automatic;
				CURRENT_PROJECT_VERSION = 1;
				DEVELOPMENT_TEAM = L8695SQ572;
				GENERATE_INFOPLIST_FILE = YES;
				MARKETING_VERSION = 1.0;
				PRODUCT_BUNDLE_IDENTIFIER = flood.matthew.hallyuUITests;
				PRODUCT_NAME = "$(TARGET_NAME)";
				SWIFT_EMIT_LOC_STRINGS = NO;
				SWIFT_VERSION = 5.0;
				TARGETED_DEVICE_FAMILY = "1,2";
				TEST_TARGET_NAME = hallyu;
			};
			name = Release;
		};
/* End XCBuildConfiguration section */

/* Begin XCConfigurationList section */
		6FDB66F929F45B0900EBE8B7 /* Build configuration list for PBXProject "hallyu" */ = {
			isa = XCConfigurationList;
			buildConfigurations = (
				6FDB672929F45B0A00EBE8B7 /* Debug */,
				6FDB672A29F45B0A00EBE8B7 /* Release */,
			);
			defaultConfigurationIsVisible = 0;
			defaultConfigurationName = Release;
		};
		6FDB672B29F45B0A00EBE8B7 /* Build configuration list for PBXNativeTarget "hallyu" */ = {
			isa = XCConfigurationList;
			buildConfigurations = (
				6FDB672C29F45B0A00EBE8B7 /* Debug */,
				6FDB672D29F45B0A00EBE8B7 /* Release */,
			);
			defaultConfigurationIsVisible = 0;
			defaultConfigurationName = Release;
		};
		6FDB672E29F45B0A00EBE8B7 /* Build configuration list for PBXNativeTarget "hallyuTests" */ = {
			isa = XCConfigurationList;
			buildConfigurations = (
				6FDB672F29F45B0A00EBE8B7 /* Debug */,
				6FDB673029F45B0A00EBE8B7 /* Release */,
			);
			defaultConfigurationIsVisible = 0;
			defaultConfigurationName = Release;
		};
		6FDB673129F45B0A00EBE8B7 /* Build configuration list for PBXNativeTarget "hallyuUITests" */ = {
			isa = XCConfigurationList;
			buildConfigurations = (
				6FDB673229F45B0A00EBE8B7 /* Debug */,
				6FDB673329F45B0A00EBE8B7 /* Release */,
			);
			defaultConfigurationIsVisible = 0;
			defaultConfigurationName = Release;
		};
/* End XCConfigurationList section */

/* Begin XCVersionGroup section */
		6FDB670A29F45B0900EBE8B7 /* hallyu.xcdatamodeld */ = {
			isa = XCVersionGroup;
			children = (
				6FDB670B29F45B0900EBE8B7 /* hallyu.xcdatamodel */,
			);
			currentVersion = 6FDB670B29F45B0900EBE8B7 /* hallyu.xcdatamodel */;
			path = hallyu.xcdatamodeld;
			sourceTree = "<group>";
			versionGroupType = wrapper.xcdatamodel;
		};
/* End XCVersionGroup section */
	};
	rootObject = 6FDB66F629F45B0900EBE8B7 /* Project object */;
}
