// !$*UTF8*$!
{
	archiveVersion = 1;
	classes = {
	};
	objectVersion = 56;
	objects = {

/* Begin PBXBuildFile section */
		6F558C2629EB071200F4C0F7 /* AppDelegate.swift in Sources */ = {isa = PBXBuildFile; fileRef = 6F558C2529EB071200F4C0F7 /* AppDelegate.swift */; };
		6F558C2829EB071200F4C0F7 /* SceneDelegate.swift in Sources */ = {isa = PBXBuildFile; fileRef = 6F558C2729EB071200F4C0F7 /* SceneDelegate.swift */; };
		6F558C2A29EB071200F4C0F7 /* ViewController.swift in Sources */ = {isa = PBXBuildFile; fileRef = 6F558C2929EB071200F4C0F7 /* ViewController.swift */; };
		6F558C2D29EB071200F4C0F7 /* Main.storyboard in Resources */ = {isa = PBXBuildFile; fileRef = 6F558C2B29EB071200F4C0F7 /* Main.storyboard */; };
		6F558C2F29EB071300F4C0F7 /* Assets.xcassets in Resources */ = {isa = PBXBuildFile; fileRef = 6F558C2E29EB071300F4C0F7 /* Assets.xcassets */; };
		6F558C3229EB071300F4C0F7 /* LaunchScreen.storyboard in Resources */ = {isa = PBXBuildFile; fileRef = 6F558C3029EB071300F4C0F7 /* LaunchScreen.storyboard */; };
		6F558C3B29EB094D00F4C0F7 /* ApiKeyViewController.swift in Sources */ = {isa = PBXBuildFile; fileRef = 6F558C3A29EB094D00F4C0F7 /* ApiKeyViewController.swift */; };
		6F558C3E29EB09CC00F4C0F7 /* ApiKey.swift in Sources */ = {isa = PBXBuildFile; fileRef = 6F558C3D29EB09CC00F4C0F7 /* ApiKey.swift */; };
		6F558C4029EB1B3C00F4C0F7 /* TmdbClient.swift in Sources */ = {isa = PBXBuildFile; fileRef = 6F558C3F29EB1B3C00F4C0F7 /* TmdbClient.swift */; };
		6F558C4429EB1E1F00F4C0F7 /* TmdbSchema.swift in Sources */ = {isa = PBXBuildFile; fileRef = 6F558C4329EB1E1F00F4C0F7 /* TmdbSchema.swift */; };
		6F558C4629EB3E2900F4C0F7 /* tmdb_api_template.plist in Resources */ = {isa = PBXBuildFile; fileRef = 6F558C4529EB3E2900F4C0F7 /* tmdb_api_template.plist */; };
		6F558C4829EB428E00F4C0F7 /* tmdb_api.plist in Resources */ = {isa = PBXBuildFile; fileRef = 6F558C4729EB428E00F4C0F7 /* tmdb_api.plist */; };
		6F558C4A29EB574E00F4C0F7 /* SettingsViewController.swift in Sources */ = {isa = PBXBuildFile; fileRef = 6F558C4929EB574E00F4C0F7 /* SettingsViewController.swift */; };
		6F558C4C29EB6E6700F4C0F7 /* MainTabBarController.swift in Sources */ = {isa = PBXBuildFile; fileRef = 6F558C4B29EB6E6700F4C0F7 /* MainTabBarController.swift */; };
/* End PBXBuildFile section */

/* Begin PBXFileReference section */
		6F558C2229EB071200F4C0F7 /* k-movie-diary.app */ = {isa = PBXFileReference; explicitFileType = wrapper.application; includeInIndex = 0; path = "k-movie-diary.app"; sourceTree = BUILT_PRODUCTS_DIR; };
		6F558C2529EB071200F4C0F7 /* AppDelegate.swift */ = {isa = PBXFileReference; lastKnownFileType = sourcecode.swift; path = AppDelegate.swift; sourceTree = "<group>"; };
		6F558C2729EB071200F4C0F7 /* SceneDelegate.swift */ = {isa = PBXFileReference; lastKnownFileType = sourcecode.swift; path = SceneDelegate.swift; sourceTree = "<group>"; };
		6F558C2929EB071200F4C0F7 /* ViewController.swift */ = {isa = PBXFileReference; lastKnownFileType = sourcecode.swift; path = ViewController.swift; sourceTree = "<group>"; };
		6F558C2C29EB071200F4C0F7 /* Base */ = {isa = PBXFileReference; lastKnownFileType = file.storyboard; name = Base; path = Base.lproj/Main.storyboard; sourceTree = "<group>"; };
		6F558C2E29EB071300F4C0F7 /* Assets.xcassets */ = {isa = PBXFileReference; lastKnownFileType = folder.assetcatalog; path = Assets.xcassets; sourceTree = "<group>"; };
		6F558C3129EB071300F4C0F7 /* Base */ = {isa = PBXFileReference; lastKnownFileType = file.storyboard; name = Base; path = Base.lproj/LaunchScreen.storyboard; sourceTree = "<group>"; };
		6F558C3329EB071300F4C0F7 /* Info.plist */ = {isa = PBXFileReference; lastKnownFileType = text.plist.xml; path = Info.plist; sourceTree = "<group>"; };
		6F558C3A29EB094D00F4C0F7 /* ApiKeyViewController.swift */ = {isa = PBXFileReference; lastKnownFileType = sourcecode.swift; path = ApiKeyViewController.swift; sourceTree = "<group>"; };
		6F558C3D29EB09CC00F4C0F7 /* ApiKey.swift */ = {isa = PBXFileReference; lastKnownFileType = sourcecode.swift; path = ApiKey.swift; sourceTree = "<group>"; };
		6F558C3F29EB1B3C00F4C0F7 /* TmdbClient.swift */ = {isa = PBXFileReference; lastKnownFileType = sourcecode.swift; path = TmdbClient.swift; sourceTree = "<group>"; };
		6F558C4329EB1E1F00F4C0F7 /* TmdbSchema.swift */ = {isa = PBXFileReference; lastKnownFileType = sourcecode.swift; path = TmdbSchema.swift; sourceTree = "<group>"; };
		6F558C4529EB3E2900F4C0F7 /* tmdb_api_template.plist */ = {isa = PBXFileReference; lastKnownFileType = text.plist.xml; path = tmdb_api_template.plist; sourceTree = "<group>"; };
		6F558C4729EB428E00F4C0F7 /* tmdb_api.plist */ = {isa = PBXFileReference; lastKnownFileType = text.plist.xml; path = tmdb_api.plist; sourceTree = "<group>"; };
		6F558C4929EB574E00F4C0F7 /* SettingsViewController.swift */ = {isa = PBXFileReference; lastKnownFileType = sourcecode.swift; path = SettingsViewController.swift; sourceTree = "<group>"; };
		6F558C4B29EB6E6700F4C0F7 /* MainTabBarController.swift */ = {isa = PBXFileReference; lastKnownFileType = sourcecode.swift; path = MainTabBarController.swift; sourceTree = "<group>"; };
/* End PBXFileReference section */

/* Begin PBXFrameworksBuildPhase section */
		6F558C1F29EB071200F4C0F7 /* Frameworks */ = {
			isa = PBXFrameworksBuildPhase;
			buildActionMask = 2147483647;
			files = (
			);
			runOnlyForDeploymentPostprocessing = 0;
		};
/* End PBXFrameworksBuildPhase section */

/* Begin PBXGroup section */
		6F558C1929EB071200F4C0F7 = {
			isa = PBXGroup;
			children = (
				6F558C2429EB071200F4C0F7 /* k-movie-diary */,
				6F558C2329EB071200F4C0F7 /* Products */,
			);
			sourceTree = "<group>";
		};
		6F558C2329EB071200F4C0F7 /* Products */ = {
			isa = PBXGroup;
			children = (
				6F558C2229EB071200F4C0F7 /* k-movie-diary.app */,
			);
			name = Products;
			sourceTree = "<group>";
		};
		6F558C2429EB071200F4C0F7 /* k-movie-diary */ = {
			isa = PBXGroup;
			children = (
				6F558C3C29EB09BD00F4C0F7 /* model */,
				6F558C3929EB093C00F4C0F7 /* controller */,
				6F558C2529EB071200F4C0F7 /* AppDelegate.swift */,
				6F558C2729EB071200F4C0F7 /* SceneDelegate.swift */,
				6F558C2B29EB071200F4C0F7 /* Main.storyboard */,
				6F558C2E29EB071300F4C0F7 /* Assets.xcassets */,
				6F558C3029EB071300F4C0F7 /* LaunchScreen.storyboard */,
				6F558C3329EB071300F4C0F7 /* Info.plist */,
				6F558C4529EB3E2900F4C0F7 /* tmdb_api_template.plist */,
				6F558C4729EB428E00F4C0F7 /* tmdb_api.plist */,
			);
			path = "k-movie-diary";
			sourceTree = "<group>";
		};
		6F558C3929EB093C00F4C0F7 /* controller */ = {
			isa = PBXGroup;
			children = (
				6F558C2929EB071200F4C0F7 /* ViewController.swift */,
				6F558C3A29EB094D00F4C0F7 /* ApiKeyViewController.swift */,
				6F558C4929EB574E00F4C0F7 /* SettingsViewController.swift */,
				6F558C4B29EB6E6700F4C0F7 /* MainTabBarController.swift */,
			);
			path = controller;
			sourceTree = "<group>";
		};
		6F558C3C29EB09BD00F4C0F7 /* model */ = {
			isa = PBXGroup;
			children = (
				6F558C4229EB1C8300F4C0F7 /* TmdbResponses */,
				6F558C4129EB1C7C00F4C0F7 /* TmdbRequests */,
				6F558C3D29EB09CC00F4C0F7 /* ApiKey.swift */,
				6F558C3F29EB1B3C00F4C0F7 /* TmdbClient.swift */,
				6F558C4329EB1E1F00F4C0F7 /* TmdbSchema.swift */,
			);
			path = model;
			sourceTree = "<group>";
		};
		6F558C4129EB1C7C00F4C0F7 /* TmdbRequests */ = {
			isa = PBXGroup;
			children = (
			);
			path = TmdbRequests;
			sourceTree = "<group>";
		};
		6F558C4229EB1C8300F4C0F7 /* TmdbResponses */ = {
			isa = PBXGroup;
			children = (
			);
			path = TmdbResponses;
			sourceTree = "<group>";
		};
/* End PBXGroup section */

/* Begin PBXNativeTarget section */
		6F558C2129EB071200F4C0F7 /* k-movie-diary */ = {
			isa = PBXNativeTarget;
			buildConfigurationList = 6F558C3629EB071300F4C0F7 /* Build configuration list for PBXNativeTarget "k-movie-diary" */;
			buildPhases = (
				6F558C1E29EB071200F4C0F7 /* Sources */,
				6F558C1F29EB071200F4C0F7 /* Frameworks */,
				6F558C2029EB071200F4C0F7 /* Resources */,
			);
			buildRules = (
			);
			dependencies = (
			);
			name = "k-movie-diary";
			productName = "k-movie-diary";
			productReference = 6F558C2229EB071200F4C0F7 /* k-movie-diary.app */;
			productType = "com.apple.product-type.application";
		};
/* End PBXNativeTarget section */

/* Begin PBXProject section */
		6F558C1A29EB071200F4C0F7 /* Project object */ = {
			isa = PBXProject;
			attributes = {
				BuildIndependentTargetsInParallel = 1;
				LastSwiftUpdateCheck = 1420;
				LastUpgradeCheck = 1420;
				TargetAttributes = {
					6F558C2129EB071200F4C0F7 = {
						CreatedOnToolsVersion = 14.2;
					};
				};
			};
			buildConfigurationList = 6F558C1D29EB071200F4C0F7 /* Build configuration list for PBXProject "k-movie-diary" */;
			compatibilityVersion = "Xcode 14.0";
			developmentRegion = en;
			hasScannedForEncodings = 0;
			knownRegions = (
				en,
				Base,
			);
			mainGroup = 6F558C1929EB071200F4C0F7;
			productRefGroup = 6F558C2329EB071200F4C0F7 /* Products */;
			projectDirPath = "";
			projectRoot = "";
			targets = (
				6F558C2129EB071200F4C0F7 /* k-movie-diary */,
			);
		};
/* End PBXProject section */

/* Begin PBXResourcesBuildPhase section */
		6F558C2029EB071200F4C0F7 /* Resources */ = {
			isa = PBXResourcesBuildPhase;
			buildActionMask = 2147483647;
			files = (
				6F558C4629EB3E2900F4C0F7 /* tmdb_api_template.plist in Resources */,
				6F558C3229EB071300F4C0F7 /* LaunchScreen.storyboard in Resources */,
				6F558C2F29EB071300F4C0F7 /* Assets.xcassets in Resources */,
				6F558C2D29EB071200F4C0F7 /* Main.storyboard in Resources */,
				6F558C4829EB428E00F4C0F7 /* tmdb_api.plist in Resources */,
			);
			runOnlyForDeploymentPostprocessing = 0;
		};
/* End PBXResourcesBuildPhase section */

/* Begin PBXSourcesBuildPhase section */
		6F558C1E29EB071200F4C0F7 /* Sources */ = {
			isa = PBXSourcesBuildPhase;
			buildActionMask = 2147483647;
			files = (
				6F558C4429EB1E1F00F4C0F7 /* TmdbSchema.swift in Sources */,
				6F558C4C29EB6E6700F4C0F7 /* MainTabBarController.swift in Sources */,
				6F558C3E29EB09CC00F4C0F7 /* ApiKey.swift in Sources */,
				6F558C2A29EB071200F4C0F7 /* ViewController.swift in Sources */,
				6F558C2629EB071200F4C0F7 /* AppDelegate.swift in Sources */,
				6F558C2829EB071200F4C0F7 /* SceneDelegate.swift in Sources */,
				6F558C3B29EB094D00F4C0F7 /* ApiKeyViewController.swift in Sources */,
				6F558C4029EB1B3C00F4C0F7 /* TmdbClient.swift in Sources */,
				6F558C4A29EB574E00F4C0F7 /* SettingsViewController.swift in Sources */,
			);
			runOnlyForDeploymentPostprocessing = 0;
		};
/* End PBXSourcesBuildPhase section */

/* Begin PBXVariantGroup section */
		6F558C2B29EB071200F4C0F7 /* Main.storyboard */ = {
			isa = PBXVariantGroup;
			children = (
				6F558C2C29EB071200F4C0F7 /* Base */,
			);
			name = Main.storyboard;
			sourceTree = "<group>";
		};
		6F558C3029EB071300F4C0F7 /* LaunchScreen.storyboard */ = {
			isa = PBXVariantGroup;
			children = (
				6F558C3129EB071300F4C0F7 /* Base */,
			);
			name = LaunchScreen.storyboard;
			sourceTree = "<group>";
		};
/* End PBXVariantGroup section */

/* Begin XCBuildConfiguration section */
		6F558C3429EB071300F4C0F7 /* Debug */ = {
			isa = XCBuildConfiguration;
			buildSettings = {
				ALWAYS_SEARCH_USER_PATHS = NO;
				CLANG_ANALYZER_NONNULL = YES;
				CLANG_ANALYZER_NUMBER_OBJECT_CONVERSION = YES_AGGRESSIVE;
				CLANG_CXX_LANGUAGE_STANDARD = "gnu++20";
				CLANG_ENABLE_MODULES = YES;
				CLANG_ENABLE_OBJC_ARC = YES;
				CLANG_ENABLE_OBJC_WEAK = YES;
				CLANG_WARN_BLOCK_CAPTURE_AUTORELEASING = YES;
				CLANG_WARN_BOOL_CONVERSION = YES;
				CLANG_WARN_COMMA = YES;
				CLANG_WARN_CONSTANT_CONVERSION = YES;
				CLANG_WARN_DEPRECATED_OBJC_IMPLEMENTATIONS = YES;
				CLANG_WARN_DIRECT_OBJC_ISA_USAGE = YES_ERROR;
				CLANG_WARN_DOCUMENTATION_COMMENTS = YES;
				CLANG_WARN_EMPTY_BODY = YES;
				CLANG_WARN_ENUM_CONVERSION = YES;
				CLANG_WARN_INFINITE_RECURSION = YES;
				CLANG_WARN_INT_CONVERSION = YES;
				CLANG_WARN_NON_LITERAL_NULL_CONVERSION = YES;
				CLANG_WARN_OBJC_IMPLICIT_RETAIN_SELF = YES;
				CLANG_WARN_OBJC_LITERAL_CONVERSION = YES;
				CLANG_WARN_OBJC_ROOT_CLASS = YES_ERROR;
				CLANG_WARN_QUOTED_INCLUDE_IN_FRAMEWORK_HEADER = YES;
				CLANG_WARN_RANGE_LOOP_ANALYSIS = YES;
				CLANG_WARN_STRICT_PROTOTYPES = YES;
				CLANG_WARN_SUSPICIOUS_MOVE = YES;
				CLANG_WARN_UNGUARDED_AVAILABILITY = YES_AGGRESSIVE;
				CLANG_WARN_UNREACHABLE_CODE = YES;
				CLANG_WARN__DUPLICATE_METHOD_MATCH = YES;
				COPY_PHASE_STRIP = NO;
				DEBUG_INFORMATION_FORMAT = dwarf;
				ENABLE_STRICT_OBJC_MSGSEND = YES;
				ENABLE_TESTABILITY = YES;
				GCC_C_LANGUAGE_STANDARD = gnu11;
				GCC_DYNAMIC_NO_PIC = NO;
				GCC_NO_COMMON_BLOCKS = YES;
				GCC_OPTIMIZATION_LEVEL = 0;
				GCC_PREPROCESSOR_DEFINITIONS = (
					"DEBUG=1",
					"$(inherited)",
				);
				GCC_WARN_64_TO_32_BIT_CONVERSION = YES;
				GCC_WARN_ABOUT_RETURN_TYPE = YES_ERROR;
				GCC_WARN_UNDECLARED_SELECTOR = YES;
				GCC_WARN_UNINITIALIZED_AUTOS = YES_AGGRESSIVE;
				GCC_WARN_UNUSED_FUNCTION = YES;
				GCC_WARN_UNUSED_VARIABLE = YES;
				IPHONEOS_DEPLOYMENT_TARGET = 16.2;
				MTL_ENABLE_DEBUG_INFO = INCLUDE_SOURCE;
				MTL_FAST_MATH = YES;
				ONLY_ACTIVE_ARCH = YES;
				SDKROOT = iphoneos;
				SWIFT_ACTIVE_COMPILATION_CONDITIONS = DEBUG;
				SWIFT_OPTIMIZATION_LEVEL = "-Onone";
			};
			name = Debug;
		};
		6F558C3529EB071300F4C0F7 /* Release */ = {
			isa = XCBuildConfiguration;
			buildSettings = {
				ALWAYS_SEARCH_USER_PATHS = NO;
				CLANG_ANALYZER_NONNULL = YES;
				CLANG_ANALYZER_NUMBER_OBJECT_CONVERSION = YES_AGGRESSIVE;
				CLANG_CXX_LANGUAGE_STANDARD = "gnu++20";
				CLANG_ENABLE_MODULES = YES;
				CLANG_ENABLE_OBJC_ARC = YES;
				CLANG_ENABLE_OBJC_WEAK = YES;
				CLANG_WARN_BLOCK_CAPTURE_AUTORELEASING = YES;
				CLANG_WARN_BOOL_CONVERSION = YES;
				CLANG_WARN_COMMA = YES;
				CLANG_WARN_CONSTANT_CONVERSION = YES;
				CLANG_WARN_DEPRECATED_OBJC_IMPLEMENTATIONS = YES;
				CLANG_WARN_DIRECT_OBJC_ISA_USAGE = YES_ERROR;
				CLANG_WARN_DOCUMENTATION_COMMENTS = YES;
				CLANG_WARN_EMPTY_BODY = YES;
				CLANG_WARN_ENUM_CONVERSION = YES;
				CLANG_WARN_INFINITE_RECURSION = YES;
				CLANG_WARN_INT_CONVERSION = YES;
				CLANG_WARN_NON_LITERAL_NULL_CONVERSION = YES;
				CLANG_WARN_OBJC_IMPLICIT_RETAIN_SELF = YES;
				CLANG_WARN_OBJC_LITERAL_CONVERSION = YES;
				CLANG_WARN_OBJC_ROOT_CLASS = YES_ERROR;
				CLANG_WARN_QUOTED_INCLUDE_IN_FRAMEWORK_HEADER = YES;
				CLANG_WARN_RANGE_LOOP_ANALYSIS = YES;
				CLANG_WARN_STRICT_PROTOTYPES = YES;
				CLANG_WARN_SUSPICIOUS_MOVE = YES;
				CLANG_WARN_UNGUARDED_AVAILABILITY = YES_AGGRESSIVE;
				CLANG_WARN_UNREACHABLE_CODE = YES;
				CLANG_WARN__DUPLICATE_METHOD_MATCH = YES;
				COPY_PHASE_STRIP = NO;
				DEBUG_INFORMATION_FORMAT = "dwarf-with-dsym";
				ENABLE_NS_ASSERTIONS = NO;
				ENABLE_STRICT_OBJC_MSGSEND = YES;
				GCC_C_LANGUAGE_STANDARD = gnu11;
				GCC_NO_COMMON_BLOCKS = YES;
				GCC_WARN_64_TO_32_BIT_CONVERSION = YES;
				GCC_WARN_ABOUT_RETURN_TYPE = YES_ERROR;
				GCC_WARN_UNDECLARED_SELECTOR = YES;
				GCC_WARN_UNINITIALIZED_AUTOS = YES_AGGRESSIVE;
				GCC_WARN_UNUSED_FUNCTION = YES;
				GCC_WARN_UNUSED_VARIABLE = YES;
				IPHONEOS_DEPLOYMENT_TARGET = 16.2;
				MTL_ENABLE_DEBUG_INFO = NO;
				MTL_FAST_MATH = YES;
				SDKROOT = iphoneos;
				SWIFT_COMPILATION_MODE = wholemodule;
				SWIFT_OPTIMIZATION_LEVEL = "-O";
				VALIDATE_PRODUCT = YES;
			};
			name = Release;
		};
		6F558C3729EB071300F4C0F7 /* Debug */ = {
			isa = XCBuildConfiguration;
			buildSettings = {
				ASSETCATALOG_COMPILER_APPICON_NAME = AppIcon;
				ASSETCATALOG_COMPILER_GLOBAL_ACCENT_COLOR_NAME = AccentColor;
				CODE_SIGN_STYLE = Automatic;
				CURRENT_PROJECT_VERSION = 1;
				DEVELOPMENT_TEAM = L8695SQ572;
				GENERATE_INFOPLIST_FILE = YES;
				INFOPLIST_FILE = "k-movie-diary/Info.plist";
				INFOPLIST_KEY_UIApplicationSupportsIndirectInputEvents = YES;
				INFOPLIST_KEY_UILaunchStoryboardName = LaunchScreen;
				INFOPLIST_KEY_UIMainStoryboardFile = Main;
				INFOPLIST_KEY_UISupportedInterfaceOrientations_iPad = "UIInterfaceOrientationPortrait UIInterfaceOrientationPortraitUpsideDown UIInterfaceOrientationLandscapeLeft UIInterfaceOrientationLandscapeRight";
				INFOPLIST_KEY_UISupportedInterfaceOrientations_iPhone = "UIInterfaceOrientationPortrait UIInterfaceOrientationLandscapeLeft UIInterfaceOrientationLandscapeRight";
				LD_RUNPATH_SEARCH_PATHS = (
					"$(inherited)",
					"@executable_path/Frameworks",
				);
				MARKETING_VERSION = 1.0;
				PRODUCT_BUNDLE_IDENTIFIER = "flood.matthew.k-movie-diary";
				PRODUCT_NAME = "$(TARGET_NAME)";
				SWIFT_EMIT_LOC_STRINGS = YES;
				SWIFT_VERSION = 5.0;
				TARGETED_DEVICE_FAMILY = "1,2";
			};
			name = Debug;
		};
		6F558C3829EB071300F4C0F7 /* Release */ = {
			isa = XCBuildConfiguration;
			buildSettings = {
				ASSETCATALOG_COMPILER_APPICON_NAME = AppIcon;
				ASSETCATALOG_COMPILER_GLOBAL_ACCENT_COLOR_NAME = AccentColor;
				CODE_SIGN_STYLE = Automatic;
				CURRENT_PROJECT_VERSION = 1;
				DEVELOPMENT_TEAM = L8695SQ572;
				GENERATE_INFOPLIST_FILE = YES;
				INFOPLIST_FILE = "k-movie-diary/Info.plist";
				INFOPLIST_KEY_UIApplicationSupportsIndirectInputEvents = YES;
				INFOPLIST_KEY_UILaunchStoryboardName = LaunchScreen;
				INFOPLIST_KEY_UIMainStoryboardFile = Main;
				INFOPLIST_KEY_UISupportedInterfaceOrientations_iPad = "UIInterfaceOrientationPortrait UIInterfaceOrientationPortraitUpsideDown UIInterfaceOrientationLandscapeLeft UIInterfaceOrientationLandscapeRight";
				INFOPLIST_KEY_UISupportedInterfaceOrientations_iPhone = "UIInterfaceOrientationPortrait UIInterfaceOrientationLandscapeLeft UIInterfaceOrientationLandscapeRight";
				LD_RUNPATH_SEARCH_PATHS = (
					"$(inherited)",
					"@executable_path/Frameworks",
				);
				MARKETING_VERSION = 1.0;
				PRODUCT_BUNDLE_IDENTIFIER = "flood.matthew.k-movie-diary";
				PRODUCT_NAME = "$(TARGET_NAME)";
				SWIFT_EMIT_LOC_STRINGS = YES;
				SWIFT_VERSION = 5.0;
				TARGETED_DEVICE_FAMILY = "1,2";
			};
			name = Release;
		};
/* End XCBuildConfiguration section */

/* Begin XCConfigurationList section */
		6F558C1D29EB071200F4C0F7 /* Build configuration list for PBXProject "k-movie-diary" */ = {
			isa = XCConfigurationList;
			buildConfigurations = (
				6F558C3429EB071300F4C0F7 /* Debug */,
				6F558C3529EB071300F4C0F7 /* Release */,
			);
			defaultConfigurationIsVisible = 0;
			defaultConfigurationName = Release;
		};
		6F558C3629EB071300F4C0F7 /* Build configuration list for PBXNativeTarget "k-movie-diary" */ = {
			isa = XCConfigurationList;
			buildConfigurations = (
				6F558C3729EB071300F4C0F7 /* Debug */,
				6F558C3829EB071300F4C0F7 /* Release */,
			);
			defaultConfigurationIsVisible = 0;
			defaultConfigurationName = Release;
		};
/* End XCConfigurationList section */
	};
	rootObject = 6F558C1A29EB071200F4C0F7 /* Project object */;
}
